// !$*UTF8*$!
{
	archiveVersion = 1;
	classes = {
	};
	objectVersion = 50;
	objects = {

/* Begin PBXBuildFile section */
		DC06953C27CCED07009E6B0D /* NativeSocket.swift in Sources */ = {isa = PBXBuildFile; fileRef = DC06953B27CCED07009E6B0D /* NativeSocket.swift */; };
		DC9B8EC625D6D41400E13818 /* PhoenixCrypto.m in Sources */ = {isa = PBXBuildFile; fileRef = DC9B8EC525D6D41400E13818 /* PhoenixCrypto.m */; };
		DC9B8EC725D6D41400E13818 /* PhoenixCrypto.h in CopyFiles */ = {isa = PBXBuildFile; fileRef = DC9B8EC425D6D41400E13818 /* PhoenixCrypto.h */; };
		DC9B8ED425D6D7A100E13818 /* NativeChaChaPoly.swift in Sources */ = {isa = PBXBuildFile; fileRef = DC9B8ED325D6D7A100E13818 /* NativeChaChaPoly.swift */; };
/* End PBXBuildFile section */

/* Begin PBXCopyFilesBuildPhase section */
		DC9B8EBF25D6D41400E13818 /* CopyFiles */ = {
			isa = PBXCopyFilesBuildPhase;
			buildActionMask = 2147483647;
			dstPath = "include/$(PRODUCT_NAME)";
			dstSubfolderSpec = 16;
			files = (
				DC9B8EC725D6D41400E13818 /* PhoenixCrypto.h in CopyFiles */,
			);
			runOnlyForDeploymentPostprocessing = 0;
		};
/* End PBXCopyFilesBuildPhase section */

/* Begin PBXFileReference section */
		DC06953B27CCED07009E6B0D /* NativeSocket.swift */ = {isa = PBXFileReference; lastKnownFileType = sourcecode.swift; path = NativeSocket.swift; sourceTree = "<group>"; };
		DC9B8EC125D6D41400E13818 /* libPhoenixCrypto.a */ = {isa = PBXFileReference; explicitFileType = archive.ar; includeInIndex = 0; path = libPhoenixCrypto.a; sourceTree = BUILT_PRODUCTS_DIR; };
		DC9B8EC425D6D41400E13818 /* PhoenixCrypto.h */ = {isa = PBXFileReference; lastKnownFileType = sourcecode.c.h; path = PhoenixCrypto.h; sourceTree = "<group>"; };
		DC9B8EC525D6D41400E13818 /* PhoenixCrypto.m */ = {isa = PBXFileReference; lastKnownFileType = sourcecode.c.objc; path = PhoenixCrypto.m; sourceTree = "<group>"; };
		DC9B8ED225D6D7A000E13818 /* PhoenixCrypto-Bridging-Header.h */ = {isa = PBXFileReference; lastKnownFileType = sourcecode.c.h; path = "PhoenixCrypto-Bridging-Header.h"; sourceTree = "<group>"; };
		DC9B8ED325D6D7A100E13818 /* NativeChaChaPoly.swift */ = {isa = PBXFileReference; lastKnownFileType = sourcecode.swift; path = NativeChaChaPoly.swift; sourceTree = "<group>"; };
/* End PBXFileReference section */

/* Begin PBXFrameworksBuildPhase section */
		DC9B8EBE25D6D41400E13818 /* Frameworks */ = {
			isa = PBXFrameworksBuildPhase;
			buildActionMask = 2147483647;
			files = (
			);
			runOnlyForDeploymentPostprocessing = 0;
		};
/* End PBXFrameworksBuildPhase section */

/* Begin PBXGroup section */
		DC9B8EB825D6D41400E13818 = {
			isa = PBXGroup;
			children = (
				DC9B8EC325D6D41400E13818 /* PhoenixCrypto */,
				DC9B8EC225D6D41400E13818 /* Products */,
			);
			sourceTree = "<group>";
		};
		DC9B8EC225D6D41400E13818 /* Products */ = {
			isa = PBXGroup;
			children = (
				DC9B8EC125D6D41400E13818 /* libPhoenixCrypto.a */,
			);
			name = Products;
			sourceTree = "<group>";
		};
		DC9B8EC325D6D41400E13818 /* PhoenixCrypto */ = {
			isa = PBXGroup;
			children = (
				DC9B8ECE25D6D75200E13818 /* Classes */,
			);
			path = PhoenixCrypto;
			sourceTree = "<group>";
		};
		DC9B8ECE25D6D75200E13818 /* Classes */ = {
			isa = PBXGroup;
			children = (
				DC9B8EC425D6D41400E13818 /* PhoenixCrypto.h */,
				DC9B8EC525D6D41400E13818 /* PhoenixCrypto.m */,
				DC9B8ED325D6D7A100E13818 /* NativeChaChaPoly.swift */,
				DC06953B27CCED07009E6B0D /* NativeSocket.swift */,
				DC9B8ED225D6D7A000E13818 /* PhoenixCrypto-Bridging-Header.h */,
			);
			path = Classes;
			sourceTree = "<group>";
		};
/* End PBXGroup section */

/* Begin PBXNativeTarget section */
		DC9B8EC025D6D41400E13818 /* PhoenixCrypto */ = {
			isa = PBXNativeTarget;
			buildConfigurationList = DC9B8ECA25D6D41400E13818 /* Build configuration list for PBXNativeTarget "PhoenixCrypto" */;
			buildPhases = (
				DC9B8EBD25D6D41400E13818 /* Sources */,
				DC9B8EBE25D6D41400E13818 /* Frameworks */,
				DC9B8EBF25D6D41400E13818 /* CopyFiles */,
				DC9B8ED925D6DAAD00E13818 /* Copy PhoenixCrypto-Swift.h */,
			);
			buildRules = (
			);
			dependencies = (
			);
			name = PhoenixCrypto;
			productName = PhoenixCrypto;
			productReference = DC9B8EC125D6D41400E13818 /* libPhoenixCrypto.a */;
			productType = "com.apple.product-type.library.static";
		};
/* End PBXNativeTarget section */

/* Begin PBXProject section */
		DC9B8EB925D6D41400E13818 /* Project object */ = {
			isa = PBXProject;
			attributes = {
				LastUpgradeCheck = 1240;
				TargetAttributes = {
					DC9B8EC025D6D41400E13818 = {
						CreatedOnToolsVersion = 12.4;
						LastSwiftMigration = 1240;
					};
				};
			};
			buildConfigurationList = DC9B8EBC25D6D41400E13818 /* Build configuration list for PBXProject "PhoenixCrypto" */;
			compatibilityVersion = "Xcode 9.3";
			developmentRegion = en;
			hasScannedForEncodings = 0;
			knownRegions = (
				en,
				Base,
			);
			mainGroup = DC9B8EB825D6D41400E13818;
			productRefGroup = DC9B8EC225D6D41400E13818 /* Products */;
			projectDirPath = "";
			projectRoot = "";
			targets = (
				DC9B8EC025D6D41400E13818 /* PhoenixCrypto */,
			);
		};
/* End PBXProject section */

/* Begin PBXShellScriptBuildPhase section */
		DC9B8ED925D6DAAD00E13818 /* Copy PhoenixCrypto-Swift.h */ = {
			isa = PBXShellScriptBuildPhase;
			buildActionMask = 2147483647;
			files = (
			);
			inputFileListPaths = (
			);
			inputPaths = (
			);
			name = "Copy PhoenixCrypto-Swift.h";
			outputFileListPaths = (
			);
			outputPaths = (
			);
			runOnlyForDeploymentPostprocessing = 0;
			shellPath = /bin/sh;
			shellScript = "# Copy PhoenixCrypto-Swift.h to include directory.\n# This should be done automatically, but there is a bug in Xcode:\n# https://developer.apple.com/forums/thread/89209\n\ntarget_dir=${BUILT_PRODUCTS_DIR}/include/${PRODUCT_MODULE_NAME}/\ncp ${DERIVED_SOURCES_DIR}/*-Swift.h ${target_dir}\n";
		};
/* End PBXShellScriptBuildPhase section */

/* Begin PBXSourcesBuildPhase section */
		DC9B8EBD25D6D41400E13818 /* Sources */ = {
			isa = PBXSourcesBuildPhase;
			buildActionMask = 2147483647;
			files = (
				DC9B8ED425D6D7A100E13818 /* NativeChaChaPoly.swift in Sources */,
				DC06953C27CCED07009E6B0D /* NativeSocket.swift in Sources */,
				DC9B8EC625D6D41400E13818 /* PhoenixCrypto.m in Sources */,
			);
			runOnlyForDeploymentPostprocessing = 0;
		};
/* End PBXSourcesBuildPhase section */

/* Begin XCBuildConfiguration section */
		DC9B8EC825D6D41400E13818 /* Debug */ = {
			isa = XCBuildConfiguration;
			buildSettings = {
				ALWAYS_SEARCH_USER_PATHS = NO;
				CLANG_ANALYZER_NONNULL = YES;
				CLANG_ANALYZER_NUMBER_OBJECT_CONVERSION = YES_AGGRESSIVE;
				CLANG_CXX_LANGUAGE_STANDARD = "gnu++14";
				CLANG_CXX_LIBRARY = "libc++";
				CLANG_ENABLE_MODULES = YES;
				CLANG_ENABLE_OBJC_ARC = YES;
				CLANG_ENABLE_OBJC_WEAK = YES;
				CLANG_WARN_BLOCK_CAPTURE_AUTORELEASING = YES;
				CLANG_WARN_BOOL_CONVERSION = YES;
				CLANG_WARN_COMMA = YES;
				CLANG_WARN_CONSTANT_CONVERSION = YES;
				CLANG_WARN_DEPRECATED_OBJC_IMPLEMENTATIONS = YES;
				CLANG_WARN_DIRECT_OBJC_ISA_USAGE = YES_ERROR;
				CLANG_WARN_DOCUMENTATION_COMMENTS = YES;
				CLANG_WARN_EMPTY_BODY = YES;
				CLANG_WARN_ENUM_CONVERSION = YES;
				CLANG_WARN_INFINITE_RECURSION = YES;
				CLANG_WARN_INT_CONVERSION = YES;
				CLANG_WARN_NON_LITERAL_NULL_CONVERSION = YES;
				CLANG_WARN_OBJC_IMPLICIT_RETAIN_SELF = YES;
				CLANG_WARN_OBJC_LITERAL_CONVERSION = YES;
				CLANG_WARN_OBJC_ROOT_CLASS = YES_ERROR;
				CLANG_WARN_QUOTED_INCLUDE_IN_FRAMEWORK_HEADER = YES;
				CLANG_WARN_RANGE_LOOP_ANALYSIS = YES;
				CLANG_WARN_STRICT_PROTOTYPES = YES;
				CLANG_WARN_SUSPICIOUS_MOVE = YES;
				CLANG_WARN_UNGUARDED_AVAILABILITY = YES_AGGRESSIVE;
				CLANG_WARN_UNREACHABLE_CODE = YES;
				CLANG_WARN__DUPLICATE_METHOD_MATCH = YES;
				COPY_PHASE_STRIP = NO;
				DEBUG_INFORMATION_FORMAT = dwarf;
				ENABLE_STRICT_OBJC_MSGSEND = YES;
				ENABLE_TESTABILITY = YES;
				GCC_C_LANGUAGE_STANDARD = gnu11;
				GCC_DYNAMIC_NO_PIC = NO;
				GCC_NO_COMMON_BLOCKS = YES;
				GCC_OPTIMIZATION_LEVEL = 0;
				GCC_PREPROCESSOR_DEFINITIONS = (
					"DEBUG=1",
					"$(inherited)",
				);
				GCC_WARN_64_TO_32_BIT_CONVERSION = YES;
				GCC_WARN_ABOUT_RETURN_TYPE = YES_ERROR;
				GCC_WARN_UNDECLARED_SELECTOR = YES;
				GCC_WARN_UNINITIALIZED_AUTOS = YES_AGGRESSIVE;
				GCC_WARN_UNUSED_FUNCTION = YES;
				GCC_WARN_UNUSED_VARIABLE = YES;
				IPHONEOS_DEPLOYMENT_TARGET = 14.4;
				MTL_ENABLE_DEBUG_INFO = INCLUDE_SOURCE;
				MTL_FAST_MATH = YES;
				ONLY_ACTIVE_ARCH = YES;
				SDKROOT = iphoneos;
			};
			name = Debug;
		};
		DC9B8EC925D6D41400E13818 /* Release */ = {
			isa = XCBuildConfiguration;
			buildSettings = {
				ALWAYS_SEARCH_USER_PATHS = NO;
				CLANG_ANALYZER_NONNULL = YES;
				CLANG_ANALYZER_NUMBER_OBJECT_CONVERSION = YES_AGGRESSIVE;
				CLANG_CXX_LANGUAGE_STANDARD = "gnu++14";
				CLANG_CXX_LIBRARY = "libc++";
				CLANG_ENABLE_MODULES = YES;
				CLANG_ENABLE_OBJC_ARC = YES;
				CLANG_ENABLE_OBJC_WEAK = YES;
				CLANG_WARN_BLOCK_CAPTURE_AUTORELEASING = YES;
				CLANG_WARN_BOOL_CONVERSION = YES;
				CLANG_WARN_COMMA = YES;
				CLANG_WARN_CONSTANT_CONVERSION = YES;
				CLANG_WARN_DEPRECATED_OBJC_IMPLEMENTATIONS = YES;
				CLANG_WARN_DIRECT_OBJC_ISA_USAGE = YES_ERROR;
				CLANG_WARN_DOCUMENTATION_COMMENTS = YES;
				CLANG_WARN_EMPTY_BODY = YES;
				CLANG_WARN_ENUM_CONVERSION = YES;
				CLANG_WARN_INFINITE_RECURSION = YES;
				CLANG_WARN_INT_CONVERSION = YES;
				CLANG_WARN_NON_LITERAL_NULL_CONVERSION = YES;
				CLANG_WARN_OBJC_IMPLICIT_RETAIN_SELF = YES;
				CLANG_WARN_OBJC_LITERAL_CONVERSION = YES;
				CLANG_WARN_OBJC_ROOT_CLASS = YES_ERROR;
				CLANG_WARN_QUOTED_INCLUDE_IN_FRAMEWORK_HEADER = YES;
				CLANG_WARN_RANGE_LOOP_ANALYSIS = YES;
				CLANG_WARN_STRICT_PROTOTYPES = YES;
				CLANG_WARN_SUSPICIOUS_MOVE = YES;
				CLANG_WARN_UNGUARDED_AVAILABILITY = YES_AGGRESSIVE;
				CLANG_WARN_UNREACHABLE_CODE = YES;
				CLANG_WARN__DUPLICATE_METHOD_MATCH = YES;
				COPY_PHASE_STRIP = NO;
				DEBUG_INFORMATION_FORMAT = "dwarf-with-dsym";
				ENABLE_NS_ASSERTIONS = NO;
				ENABLE_STRICT_OBJC_MSGSEND = YES;
				GCC_C_LANGUAGE_STANDARD = gnu11;
				GCC_NO_COMMON_BLOCKS = YES;
				GCC_WARN_64_TO_32_BIT_CONVERSION = YES;
				GCC_WARN_ABOUT_RETURN_TYPE = YES_ERROR;
				GCC_WARN_UNDECLARED_SELECTOR = YES;
				GCC_WARN_UNINITIALIZED_AUTOS = YES_AGGRESSIVE;
				GCC_WARN_UNUSED_FUNCTION = YES;
				GCC_WARN_UNUSED_VARIABLE = YES;
				IPHONEOS_DEPLOYMENT_TARGET = 14.4;
				MTL_ENABLE_DEBUG_INFO = NO;
				MTL_FAST_MATH = YES;
				SDKROOT = iphoneos;
				VALIDATE_PRODUCT = YES;
			};
			name = Release;
		};
		DC9B8ECB25D6D41400E13818 /* Debug */ = {
			isa = XCBuildConfiguration;
			buildSettings = {
				CLANG_ENABLE_MODULES = YES;
				CODE_SIGN_STYLE = Automatic;
				DEFINES_MODULE = YES;
				DEVELOPMENT_TEAM = XD77LN4376;
				LD_RUNPATH_SEARCH_PATHS = (
					"$(inherited)",
					"@executable_path/Frameworks",
					"@loader_path/Frameworks",
				);
				OTHER_LDFLAGS = "-ObjC";
				PRODUCT_NAME = "$(TARGET_NAME)";
				SKIP_INSTALL = YES;
				SWIFT_OBJC_BRIDGING_HEADER = "PhoenixCrypto/Classes/PhoenixCrypto-Bridging-Header.h";
				SWIFT_OPTIMIZATION_LEVEL = "-Onone";
				SWIFT_VERSION = 5.0;
				TARGETED_DEVICE_FAMILY = "1,2";
			};
			name = Debug;
		};
		DC9B8ECC25D6D41400E13818 /* Release */ = {
			isa = XCBuildConfiguration;
			buildSettings = {
				CLANG_ENABLE_MODULES = YES;
				CODE_SIGN_STYLE = Automatic;
				DEFINES_MODULE = YES;
				DEVELOPMENT_TEAM = XD77LN4376;
				LD_RUNPATH_SEARCH_PATHS = (
					"$(inherited)",
					"@executable_path/Frameworks",
					"@loader_path/Frameworks",
				);
				OTHER_LDFLAGS = "-ObjC";
				PRODUCT_NAME = "$(TARGET_NAME)";
				SKIP_INSTALL = YES;
				SWIFT_OBJC_BRIDGING_HEADER = "PhoenixCrypto/Classes/PhoenixCrypto-Bridging-Header.h";
				SWIFT_VERSION = 5.0;
				TARGETED_DEVICE_FAMILY = "1,2";
			};
			name = Release;
		};
/* End XCBuildConfiguration section */

/* Begin XCConfigurationList section */
		DC9B8EBC25D6D41400E13818 /* Build configuration list for PBXProject "PhoenixCrypto" */ = {
			isa = XCConfigurationList;
			buildConfigurations = (
				DC9B8EC825D6D41400E13818 /* Debug */,
				DC9B8EC925D6D41400E13818 /* Release */,
			);
			defaultConfigurationIsVisible = 0;
			defaultConfigurationName = Release;
		};
		DC9B8ECA25D6D41400E13818 /* Build configuration list for PBXNativeTarget "PhoenixCrypto" */ = {
			isa = XCConfigurationList;
			buildConfigurations = (
				DC9B8ECB25D6D41400E13818 /* Debug */,
				DC9B8ECC25D6D41400E13818 /* Release */,
			);
			defaultConfigurationIsVisible = 0;
			defaultConfigurationName = Release;
		};
/* End XCConfigurationList section */
	};
	rootObject = DC9B8EB925D6D41400E13818 /* Project object */;
}
